{
  "name": "tworivers.berelain",
  "version": "1.0.0",
  "lockfileVersion": 3,
  "requires": true,
  "packages": {
    "": {
      "name": "tworivers.berelain",
      "version": "1.0.0",
      "license": "BSD-3-Clause",
      "devDependencies": {
        "@fortawesome/duotone-light-svg-icons": "^7.2.0",
        "@fortawesome/duotone-regular-svg-icons": "^7.2.0",
        "@fortawesome/duotone-thin-svg-icons": "^7.2.0",
        "@fortawesome/fontawesome-svg-core": "^7.2.0",
        "@fortawesome/pro-duotone-svg-icons": "^7.2.0",
        "@fortawesome/pro-light-svg-icons": "^7.2.0",
        "@fortawesome/pro-regular-svg-icons": "^7.2.0",
        "@fortawesome/pro-solid-svg-icons": "^7.2.0",
        "@fortawesome/pro-thin-svg-icons": "^7.2.0",
        "@fortawesome/sharp-duotone-light-svg-icons": "^7.2.0",
        "@fortawesome/sharp-duotone-regular-svg-icons": "^7.2.0",
        "@fortawesome/sharp-duotone-solid-svg-icons": "^7.2.0",
        "@fortawesome/sharp-duotone-thin-svg-icons": "^7.2.0",
        "@fortawesome/sharp-light-svg-icons": "^7.2.0",
        "@fortawesome/sharp-regular-svg-icons": "^7.2.0",
        "@fortawesome/sharp-solid-svg-icons": "^7.2.0",
        "@fortawesome/sharp-thin-svg-icons": "^7.2.0"
      }
    },
    "node_modules/@fortawesome/duotone-light-svg-icons": {
      "version": "7.2.0",
      "resolved": "https://npm.fontawesome.com/@fortawesome/duotone-light-svg-icons/-/duotone-light-svg-icons-7.2.0.tgz",
      "integrity": "sha512-OpZh34areCp4tNsyyALr6Cw9nciD6n3Y11z22hq61CO09ccc1kPvoQuXHuqYeif5XcD5/bTStmAq2xnDIB2ckA==",
      "license": "UNLICENSED",
      "dependencies": {
        "@fortawesome/fontawesome-common-types": "7.2.0"
      },
      "engines": {
        "node": ">=6"
      }
    },
    "node_modules/@fortawesome/duotone-regular-svg-icons": {
      "version": "7.2.0",
      "resolved": "https://npm.fontawesome.com/@fortawesome/duotone-regular-svg-icons/-/duotone-regular-svg-icons-7.2.0.tgz",
      "integrity": "sha512-YQV0fDLrcA/p8jJVudl7EZ5A4guL2cK5XLbdQi5DLm7FoVJQeNz1CQQvLeKsTr5oSxBTrmE4lKTL+SvZCNRZnA==",
      "license": "UNLICENSED",
      "dependencies": {
        "@fortawesome/fontawesome-common-types": "7.2.0"
      },
      "engines": {
        "node": ">=6"
      }
    },
    "node_modules/@fortawesome/duotone-thin-svg-icons": {
      "version": "7.2.0",
      "resolved": "https://npm.fontawesome.com/@fortawesome/duotone-thin-svg-icons/-/duotone-thin-svg-icons-7.2.0.tgz",
      "integrity": "sha512-KZITy7uD8LZULElU6m/r+h8c/O7nDxhfXkYIPjY6uCCJ/Xio41Bze/a0Qv54bBUBDIq8uzQc93k9Pj1A8hy/Tw==",
      "license": "UNLICENSED",
      "dependencies": {
        "@fortawesome/fontawesome-common-types": "7.2.0"
      },
      "engines": {
        "node": ">=6"
      }
    },
    "node_modules/@fortawesome/fontawesome-common-types": {
      "version": "7.2.0",
      "resolved": "https://npm.fontawesome.com/@fortawesome/fontawesome-common-types/-/fontawesome-common-types-7.2.0.tgz",
      "integrity": "sha512-IpR0bER9FY25p+e7BmFH25MZKEwFHTfRAfhOyJubgiDnoJNsSvJ7nigLraHtp4VOG/cy8D7uiV0dLkHOne5Fhw==",
      "license": "MIT",
      "engines": {
        "node": ">=6"
      }
    },
    "node_modules/@fortawesome/fontawesome-svg-core": {
      "version": "7.2.0",
      "resolved": "https://npm.fontawesome.com/@fortawesome/fontawesome-svg-core/-/fontawesome-svg-core-7.2.0.tgz",
      "integrity": "sha512-6639htZMjEkwskf3J+e6/iar+4cTNM9qhoWuRfj9F3eJD6r7iCzV1SWnQr2Mdv0QT0suuqU8BoJCZUyCtP9R4Q==",
      "license": "MIT",
      "dependencies": {
        "@fortawesome/fontawesome-common-types": "7.2.0"
      },
      "engines": {
        "node": ">=6"
      }
    },
    "node_modules/@fortawesome/pro-duotone-svg-icons": {
      "version": "7.2.0",
      "resolved": "https://npm.fontawesome.com/@fortawesome/pro-duotone-svg-icons/-/pro-duotone-svg-icons-7.2.0.tgz",
      "integrity": "sha512-G0oZPLWrOjodNsKEzjnmZ/wzXCQhyXHsscIuCsRwPr42N0zgMmVvClZuEq6eqiBiyo1qhm3RnN6xNLddJh9z7A==",
      "license": "UNLICENSED",
      "dependencies": {
        "@fortawesome/fontawesome-common-types": "7.2.0"
      },
      "engines": {
        "node": ">=6"
      }
    },
    "node_modules/@fortawesome/pro-light-svg-icons": {
      "version": "7.2.0",
      "resolved": "https://npm.fontawesome.com/@fortawesome/pro-light-svg-icons/-/pro-light-svg-icons-7.2.0.tgz",
      "integrity": "sha512-0SZf+Lu4DoolJelZi9Cc1Ta2VqUGkvV6BPxCb22mV16GQhqGa2VuLkqAn7zur0Sy8Cinu6MyPRfndHSe72zYyQ==",
      "license": "UNLICENSED",
      "dependencies": {
        "@fortawesome/fontawesome-common-types": "7.2.0"
      },
      "engines": {
        "node": ">=6"
      }
    },
    "node_modules/@fortawesome/pro-regular-svg-icons": {
      "version": "7.2.0",
      "resolved": "https://npm.fontawesome.com/@fortawesome/pro-regular-svg-icons/-/pro-regular-svg-icons-7.2.0.tgz",
      "integrity": "sha512-FU6amNj6Dbsb2m19T8ABiL8HoImIGm8AhxnPAgQDDZcslGezu6R7HrDicBPJuVTNFSxFGRRAXIRs/z44xg7ftA==",
      "license": "UNLICENSED",
      "dependencies": {
        "@fortawesome/fontawesome-common-types": "7.2.0"
      },
      "engines": {
        "node": ">=6"
      }
    },
    "node_modules/@fortawesome/pro-solid-svg-icons": {
      "version": "7.2.0",
      "resolved": "https://npm.fontawesome.com/@fortawesome/pro-solid-svg-icons/-/pro-solid-svg-icons-7.2.0.tgz",
      "integrity": "sha512-r+YsuG1B+iYcCXNS82bfvRnGJtlRhVI5Xk7vVJ9+ymJU5u4UGGGOSFRV5kRWH2zFItH9PKaIjnN1cXMcgOM/+g==",
      "license": "UNLICENSED",
      "dependencies": {
        "@fortawesome/fontawesome-common-types": "7.2.0"
      },
      "engines": {
        "node": ">=6"
      }
    },
    "node_modules/@fortawesome/pro-thin-svg-icons": {
      "version": "7.2.0",
      "resolved": "https://npm.fontawesome.com/@fortawesome/pro-thin-svg-icons/-/pro-thin-svg-icons-7.2.0.tgz",
      "integrity": "sha512-G8BZiBshqdtqKnHh/58zgvXydMJoKZ1zvQaQPFzZKn5poV5onIwIr2tYfv2/pxIUtoXBBpeYT5c3aFBMI/r9uA==",
      "license": "UNLICENSED",
      "dependencies": {
        "@fortawesome/fontawesome-common-types": "7.2.0"
      },
      "engines": {
        "node": ">=6"
      }
    },
    "node_modules/@fortawesome/sharp-duotone-light-svg-icons": {
      "version": "7.2.0",
      "resolved": "https://npm.fontawesome.com/@fortawesome/sharp-duotone-light-svg-icons/-/sharp-duotone-light-svg-icons-7.2.0.tgz",
      "integrity": "sha512-MrMl4oxdB5bM/niuqVV9GO3TrdV4HRyq6cdQiLD1n8GEoJOrW+4GxjvGoKm1tJGybkXgznm51FlrXZHlchIE9A==",
      "license": "UNLICENSED",
      "dependencies": {
        "@fortawesome/fontawesome-common-types": "7.2.0"
      },
      "engines": {
        "node": ">=6"
      }
    },
    "node_modules/@fortawesome/sharp-duotone-regular-svg-icons": {
      "version": "7.2.0",
      "resolved": "https://npm.fontawesome.com/@fortawesome/sharp-duotone-regular-svg-icons/-/sharp-duotone-regular-svg-icons-7.2.0.tgz",
      "integrity": "sha512-KyPTz8maIlMhz8GN4744ZX6z7p5tY+oZyWEfQNqvJzzldX4akcTkah4tNd4XvOWTlxh70naYfw9sORuy0EUNLg==",
      "license": "UNLICENSED",
      "dependencies": {
        "@fortawesome/fontawesome-common-types": "7.2.0"
      },
      "engines": {
        "node": ">=6"
      }
    },
    "node_modules/@fortawesome/sharp-duotone-solid-svg-icons": {
      "version": "7.2.0",
      "resolved": "https://npm.fontawesome.com/@fortawesome/sharp-duotone-solid-svg-icons/-/sharp-duotone-solid-svg-icons-7.2.0.tgz",
      "integrity": "sha512-lhk4wen6fmHuxDgOkcfTWXNXGdKDThR7EJtTrBtyd/pjXuDzOUmlO95CMCZMHOaqo/Xxa7hyl32Pep171DN0vQ==",
      "license": "UNLICENSED",
      "dependencies": {
        "@fortawesome/fontawesome-common-types": "7.2.0"
      },
      "engines": {
        "node": ">=6"
      }
    },
    "node_modules/@fortawesome/sharp-duotone-thin-svg-icons": {
      "version": "7.2.0",
      "resolved": "https://npm.fontawesome.com/@fortawesome/sharp-duotone-thin-svg-icons/-/sharp-duotone-thin-svg-icons-7.2.0.tgz",
      "integrity": "sha512-KmnAzcB5/ELJsLa1uZAEacEBzxm56u2wH1TFShqqBK77zGl90aX67ly2K2ag21QnBIP92gvtO+lgPJ5D/QMp5w==",
      "license": "UNLICENSED",
      "dependencies": {
        "@fortawesome/fontawesome-common-types": "7.2.0"
      },
      "engines": {
        "node": ">=6"
      }
    },
    "node_modules/@fortawesome/sharp-light-svg-icons": {
      "version": "7.2.0",
      "resolved": "https://npm.fontawesome.com/@fortawesome/sharp-light-svg-icons/-/sharp-light-svg-icons-7.2.0.tgz",
      "integrity": "sha512-7uQ3dyEcPfKmsvzhaZ7/EssX6wBvroSm4ju37Q+cpkh0zzYnFUW4FHnxh5dB/0XhU08nogcbv4zAATpksCJjQQ==",
      "license": "UNLICENSED",
      "dependencies": {
        "@fortawesome/fontawesome-common-types": "7.2.0"
      },
      "engines": {
        "node": ">=6"
      }
    },
    "node_modules/@fortawesome/sharp-regular-svg-icons": {
      "version": "7.2.0",
      "resolved": "https://npm.fontawesome.com/@fortawesome/sharp-regular-svg-icons/-/sharp-regular-svg-icons-7.2.0.tgz",
      "integrity": "sha512-lLOX1W98Vof2Isib3oNe8Os7yfUdk2gcRAP6rlVvrU8Uw6ZwX6UobiuEwAPHBOapIIeezolhRICiyEiT4qWOmg==",
      "license": "UNLICENSED",
      "dependencies": {
        "@fortawesome/fontawesome-common-types": "7.2.0"
      },
      "engines": {
        "node": ">=6"
      }
    },
    "node_modules/@fortawesome/sharp-solid-svg-icons": {
      "version": "7.2.0",
      "resolved": "https://npm.fontawesome.com/@fortawesome/sharp-solid-svg-icons/-/sharp-solid-svg-icons-7.2.0.tgz",
      "integrity": "sha512-suIIkT36ipgRO2xvaft9xAHJDa8K3vUSpP3YTH1fxJHkTUWILnvH7NNFvS6OQVBB8B6j0YpthO4tOyA/IMzlew==",
      "license": "UNLICENSED",
      "dependencies": {
        "@fortawesome/fontawesome-common-types": "7.2.0"
      },
      "engines": {
        "node": ">=6"
      }
    },
    "node_modules/@fortawesome/sharp-thin-svg-icons": {
      "version": "7.2.0",
      "resolved": "https://npm.fontawesome.com/@fortawesome/sharp-thin-svg-icons/-/sharp-thin-svg-icons-7.2.0.tgz",
      "integrity": "sha512-gipRA0clL8x80rNrb2Tvf+2TAcwGk7keJ1+xrZIGW4v46y7CFx21dRQvH0Xeis3SQC6sgEeI3t7wzE3PnFhQYQ==",
      "license": "UNLICENSED",
      "dependencies": {
        "@fortawesome/fontawesome-common-types": "7.2.0"
      },
      "engines": {
        "node": ">=6"
      }
    }
  }
}
